
Microsoft Visual Studio Solution File, Format Version 11.00
# Visual Studio 2010
Project("{FAE04EC0-301F-11D3-BF4B-00C04F79EFBC}") = "CS4172Final-2", "Assembly-CSharp.csproj", "{8309C330-A5FF-BFFB-97AA-3F77B0A931EA}"
EndProject
Project("{FAE04EC0-301F-11D3-BF4B-00C04F79EFBC}") = "CS4172Final-2", "Assembly-CSharp-Editor.csproj", "{E41D9EFC-F470-BD38-117F-0364160F8328}"
EndProject
Global
	GlobalSection(SolutionConfigurationPlatforms) = preSolution
		Debug|Any CPU = Debug|Any CPU
		Release|Any CPU = Release|Any CPU
	EndGlobalSection
	GlobalSection(ProjectConfigurationPlatforms) = postSolution
		{8309C330-A5FF-BFFB-97AA-3F77B0A931EA}.Debug|Any CPU.ActiveCfg = Debug|Any CPU
		{8309C330-A5FF-BFFB-97AA-3F77B0A931EA}.Debug|Any CPU.Build.0 = Debug|Any CPU
		{8309C330-A5FF-BFFB-97AA-3F77B0A931EA}.Release|Any CPU.ActiveCfg = Release|Any CPU
		{8309C330-A5FF-BFFB-97AA-3F77B0A931EA}.Release|Any CPU.Build.0 = Release|Any CPU
		{E41D9EFC-F470-BD38-117F-0364160F8328}.Debug|Any CPU.ActiveCfg = Debug|Any CPU
		{E41D9EFC-F470-BD38-117F-0364160F8328}.Debug|Any CPU.Build.0 = Debug|Any CPU
		{E41D9EFC-F470-BD38-117F-0364160F8328}.Release|Any CPU.ActiveCfg = Release|Any CPU
		{E41D9EFC-F470-BD38-117F-0364160F8328}.Release|Any CPU.Build.0 = Release|Any CPU
	EndGlobalSection
	GlobalSection(SolutionProperties) = preSolution
		HideSolutionNode = FALSE
	EndGlobalSection
	GlobalSection(MonoDevelopProperties) = preSolution
		StartupItem = Assembly-CSharp.csproj
	EndGlobalSection
EndGlobal
